
Microsoft Visual Studio Solution File, Format Version 12.00
# Visual Studio Version 17
VisualStudioVersion = 17.7.34009.444
MinimumVisualStudioVersion = 10.0.40219.1
Project("{9A19103F-16F7-4668-BE54-9A1E7A4F7556}") = "MyCalculator", "MyCalculator.csproj", "{714FAD60-0ED6-4EF9-87BE-8CB39DF4E28F}"
EndProject
Project("{FAE04EC0-301F-11D3-BF4B-00C04F79EFBC}") = "MyCalculator.Tests", "..\MyCalculator.Tests\MyCalculator.Tests.csproj", "{0397CD48-D15C-458F-B8D7-0C0626BFBAB0}"
EndProject
Global
	GlobalSection(SolutionConfigurationPlatforms) = preSolution
		Debug|Any CPU = Debug|Any CPU
		Release|Any CPU = Release|Any CPU
	EndGlobalSection
	GlobalSection(ProjectConfigurationPlatforms) = postSolution
		{714FAD60-0ED6-4EF9-87BE-8CB39DF4E28F}.Debug|Any CPU.ActiveCfg = Debug|Any CPU
		{714FAD60-0ED6-4EF9-87BE-8CB39DF4E28F}.Debug|Any CPU.Build.0 = Debug|Any CPU
		{714FAD60-0ED6-4EF9-87BE-8CB39DF4E28F}.Release|Any CPU.ActiveCfg = Release|Any CPU
		{714FAD60-0ED6-4EF9-87BE-8CB39DF4E28F}.Release|Any CPU.Build.0 = Release|Any CPU
		{0397CD48-D15C-458F-B8D7-0C0626BFBAB0}.Debug|Any CPU.ActiveCfg = Debug|Any CPU
		{0397CD48-D15C-458F-B8D7-0C0626BFBAB0}.Debug|Any CPU.Build.0 = Debug|Any CPU
		{0397CD48-D15C-458F-B8D7-0C0626BFBAB0}.Release|Any CPU.ActiveCfg = Release|Any CPU
		{0397CD48-D15C-458F-B8D7-0C0626BFBAB0}.Release|Any CPU.Build.0 = Release|Any CPU
	EndGlobalSection
	GlobalSection(SolutionProperties) = preSolution
		HideSolutionNode = FALSE
	EndGlobalSection
	GlobalSection(ExtensibilityGlobals) = postSolution
		SolutionGuid = {94A32996-924C-4308-B6F6-F62D2C811747}
	EndGlobalSection
EndGlobal
